// !$*UTF8*$!
{
	archiveVersion = 1;
	classes = {
	};
	objectVersion = 55;
	objects = {

/* Begin PBXBuildFile section */
		2142E0CC2802B6DD00C9E9AB /* CSVReaderApp.swift in Sources */ = {isa = PBXBuildFile; fileRef = 2142E0CB2802B6DD00C9E9AB /* CSVReaderApp.swift */; };
		2142E0CE2802B6DD00C9E9AB /* CSVView.swift in Sources */ = {isa = PBXBuildFile; fileRef = 2142E0CD2802B6DD00C9E9AB /* CSVView.swift */; };
		2142E0D02802B6DD00C9E9AB /* Assets.xcassets in Resources */ = {isa = PBXBuildFile; fileRef = 2142E0CF2802B6DD00C9E9AB /* Assets.xcassets */; };
		2142E0D32802B6DD00C9E9AB /* Preview Assets.xcassets in Resources */ = {isa = PBXBuildFile; fileRef = 2142E0D22802B6DD00C9E9AB /* Preview Assets.xcassets */; };
		2142E0DD2802B6DE00C9E9AB /* CSVReaderTests.swift in Sources */ = {isa = PBXBuildFile; fileRef = 2142E0DC2802B6DE00C9E9AB /* CSVReaderTests.swift */; };
		2142E0E72802B6DE00C9E9AB /* CSVReaderUITests.swift in Sources */ = {isa = PBXBuildFile; fileRef = 2142E0E62802B6DE00C9E9AB /* CSVReaderUITests.swift */; };
		2142E0E92802B6DE00C9E9AB /* CSVReaderUITestsLaunchTests.swift in Sources */ = {isa = PBXBuildFile; fileRef = 2142E0E82802B6DE00C9E9AB /* CSVReaderUITestsLaunchTests.swift */; };
		2142E0F62802B7B400C9E9AB /* persons.csv in Resources */ = {isa = PBXBuildFile; fileRef = 2142E0F52802B7B400C9E9AB /* persons.csv */; };
		2142E0FA280434F000C9E9AB /* FileReader.swift in Sources */ = {isa = PBXBuildFile; fileRef = 2142E0F9280434F000C9E9AB /* FileReader.swift */; };
		2142E0FC2804395500C9E9AB /* MapCSVToData.swift in Sources */ = {isa = PBXBuildFile; fileRef = 2142E0FB2804395500C9E9AB /* MapCSVToData.swift */; };
		2142E101280451E400C9E9AB /* persons.csv in Resources */ = {isa = PBXBuildFile; fileRef = 2142E100280451E400C9E9AB /* persons.csv */; };
		2142E1032805631200C9E9AB /* CSVDataSource.swift in Sources */ = {isa = PBXBuildFile; fileRef = 2142E1022805631200C9E9AB /* CSVDataSource.swift */; };
/* End PBXBuildFile section */

/* Begin PBXContainerItemProxy section */
		2142E0D92802B6DE00C9E9AB /* PBXContainerItemProxy */ = {
			isa = PBXContainerItemProxy;
			containerPortal = 2142E0C02802B6DC00C9E9AB /* Project object */;
			proxyType = 1;
			remoteGlobalIDString = 2142E0C72802B6DD00C9E9AB;
			remoteInfo = CSVReader;
		};
		2142E0E32802B6DE00C9E9AB /* PBXContainerItemProxy */ = {
			isa = PBXContainerItemProxy;
			containerPortal = 2142E0C02802B6DC00C9E9AB /* Project object */;
			proxyType = 1;
			remoteGlobalIDString = 2142E0C72802B6DD00C9E9AB;
			remoteInfo = CSVReader;
		};
/* End PBXContainerItemProxy section */

/* Begin PBXFileReference section */
		2142E0C82802B6DD00C9E9AB /* CSVReader.app */ = {isa = PBXFileReference; explicitFileType = wrapper.application; includeInIndex = 0; path = CSVReader.app; sourceTree = BUILT_PRODUCTS_DIR; };
		2142E0CB2802B6DD00C9E9AB /* CSVReaderApp.swift */ = {isa = PBXFileReference; lastKnownFileType = sourcecode.swift; path = CSVReaderApp.swift; sourceTree = "<group>"; };
		2142E0CD2802B6DD00C9E9AB /* CSVView.swift */ = {isa = PBXFileReference; lastKnownFileType = sourcecode.swift; path = CSVView.swift; sourceTree = "<group>"; };
		2142E0CF2802B6DD00C9E9AB /* Assets.xcassets */ = {isa = PBXFileReference; lastKnownFileType = folder.assetcatalog; path = Assets.xcassets; sourceTree = "<group>"; };
		2142E0D22802B6DD00C9E9AB /* Preview Assets.xcassets */ = {isa = PBXFileReference; lastKnownFileType = folder.assetcatalog; path = "Preview Assets.xcassets"; sourceTree = "<group>"; };
		2142E0D82802B6DE00C9E9AB /* CSVReaderTests.xctest */ = {isa = PBXFileReference; explicitFileType = wrapper.cfbundle; includeInIndex = 0; path = CSVReaderTests.xctest; sourceTree = BUILT_PRODUCTS_DIR; };
		2142E0DC2802B6DE00C9E9AB /* CSVReaderTests.swift */ = {isa = PBXFileReference; lastKnownFileType = sourcecode.swift; path = CSVReaderTests.swift; sourceTree = "<group>"; };
		2142E0E22802B6DE00C9E9AB /* CSVReaderUITests.xctest */ = {isa = PBXFileReference; explicitFileType = wrapper.cfbundle; includeInIndex = 0; path = CSVReaderUITests.xctest; sourceTree = BUILT_PRODUCTS_DIR; };
		2142E0E62802B6DE00C9E9AB /* CSVReaderUITests.swift */ = {isa = PBXFileReference; lastKnownFileType = sourcecode.swift; path = CSVReaderUITests.swift; sourceTree = "<group>"; };
		2142E0E82802B6DE00C9E9AB /* CSVReaderUITestsLaunchTests.swift */ = {isa = PBXFileReference; lastKnownFileType = sourcecode.swift; path = CSVReaderUITestsLaunchTests.swift; sourceTree = "<group>"; };
		2142E0F52802B7B400C9E9AB /* persons.csv */ = {isa = PBXFileReference; fileEncoding = 4; lastKnownFileType = text; path = persons.csv; sourceTree = "<group>"; };
		2142E0F9280434F000C9E9AB /* FileReader.swift */ = {isa = PBXFileReference; lastKnownFileType = sourcecode.swift; path = FileReader.swift; sourceTree = "<group>"; };
		2142E0FB2804395500C9E9AB /* MapCSVToData.swift */ = {isa = PBXFileReference; lastKnownFileType = sourcecode.swift; path = MapCSVToData.swift; sourceTree = "<group>"; };
		2142E100280451E400C9E9AB /* persons.csv */ = {isa = PBXFileReference; fileEncoding = 4; lastKnownFileType = text; path = persons.csv; sourceTree = "<group>"; };
		2142E1022805631200C9E9AB /* CSVDataSource.swift */ = {isa = PBXFileReference; lastKnownFileType = sourcecode.swift; path = CSVDataSource.swift; sourceTree = "<group>"; };
/* End PBXFileReference section */

/* Begin PBXFrameworksBuildPhase section */
		2142E0C52802B6DD00C9E9AB /* Frameworks */ = {
			isa = PBXFrameworksBuildPhase;
			buildActionMask = 2147483647;
			files = (
			);
			runOnlyForDeploymentPostprocessing = 0;
		};
		2142E0D52802B6DE00C9E9AB /* Frameworks */ = {
			isa = PBXFrameworksBuildPhase;
			buildActionMask = 2147483647;
			files = (
			);
			runOnlyForDeploymentPostprocessing = 0;
		};
		2142E0DF2802B6DE00C9E9AB /* Frameworks */ = {
			isa = PBXFrameworksBuildPhase;
			buildActionMask = 2147483647;
			files = (
			);
			runOnlyForDeploymentPostprocessing = 0;
		};
/* End PBXFrameworksBuildPhase section */

/* Begin PBXGroup section */
		2142E0BF2802B6DC00C9E9AB = {
			isa = PBXGroup;
			children = (
				2142E0CA2802B6DD00C9E9AB /* CSVReader */,
				2142E0DB2802B6DE00C9E9AB /* CSVReaderTests */,
				2142E0E52802B6DE00C9E9AB /* CSVReaderUITests */,
				2142E0C92802B6DD00C9E9AB /* Products */,
			);
			sourceTree = "<group>";
		};
		2142E0C92802B6DD00C9E9AB /* Products */ = {
			isa = PBXGroup;
			children = (
				2142E0C82802B6DD00C9E9AB /* CSVReader.app */,
				2142E0D82802B6DE00C9E9AB /* CSVReaderTests.xctest */,
				2142E0E22802B6DE00C9E9AB /* CSVReaderUITests.xctest */,
			);
			name = Products;
			sourceTree = "<group>";
		};
		2142E0CA2802B6DD00C9E9AB /* CSVReader */ = {
			isa = PBXGroup;
			children = (
				2142E0F8280434AA00C9E9AB /* Facade */,
				2142E0F72804344500C9E9AB /* Data */,
				2142E0CB2802B6DD00C9E9AB /* CSVReaderApp.swift */,
				2142E0CD2802B6DD00C9E9AB /* CSVView.swift */,
				2142E0CF2802B6DD00C9E9AB /* Assets.xcassets */,
				2142E0D12802B6DD00C9E9AB /* Preview Content */,
			);
			path = CSVReader;
			sourceTree = "<group>";
		};
		2142E0D12802B6DD00C9E9AB /* Preview Content */ = {
			isa = PBXGroup;
			children = (
				2142E0D22802B6DD00C9E9AB /* Preview Assets.xcassets */,
			);
			path = "Preview Content";
			sourceTree = "<group>";
		};
		2142E0DB2802B6DE00C9E9AB /* CSVReaderTests */ = {
			isa = PBXGroup;
			children = (
				2142E0FD28044F9F00C9E9AB /* TestData */,
				2142E0DC2802B6DE00C9E9AB /* CSVReaderTests.swift */,
			);
			path = CSVReaderTests;
			sourceTree = "<group>";
		};
		2142E0E52802B6DE00C9E9AB /* CSVReaderUITests */ = {
			isa = PBXGroup;
			children = (
				2142E0E62802B6DE00C9E9AB /* CSVReaderUITests.swift */,
				2142E0E82802B6DE00C9E9AB /* CSVReaderUITestsLaunchTests.swift */,
			);
			path = CSVReaderUITests;
			sourceTree = "<group>";
		};
		2142E0F72804344500C9E9AB /* Data */ = {
			isa = PBXGroup;
			children = (
				2142E0F52802B7B400C9E9AB /* persons.csv */,
			);
			path = Data;
			sourceTree = "<group>";
		};
		2142E0F8280434AA00C9E9AB /* Facade */ = {
			isa = PBXGroup;
			children = (
				2142E1022805631200C9E9AB /* CSVDataSource.swift */,
				2142E0F9280434F000C9E9AB /* FileReader.swift */,
				2142E0FB2804395500C9E9AB /* MapCSVToData.swift */,
			);
			path = Facade;
			sourceTree = "<group>";
		};
		2142E0FD28044F9F00C9E9AB /* TestData */ = {
			isa = PBXGroup;
			children = (
				2142E100280451E400C9E9AB /* persons.csv */,
			);
			path = TestData;
			sourceTree = "<group>";
		};
/* End PBXGroup section */

/* Begin PBXNativeTarget section */
		2142E0C72802B6DD00C9E9AB /* CSVReader */ = {
			isa = PBXNativeTarget;
			buildConfigurationList = 2142E0EC2802B6DE00C9E9AB /* Build configuration list for PBXNativeTarget "CSVReader" */;
			buildPhases = (
				2142E0C42802B6DD00C9E9AB /* Sources */,
				2142E0C52802B6DD00C9E9AB /* Frameworks */,
				2142E0C62802B6DD00C9E9AB /* Resources */,
			);
			buildRules = (
			);
			dependencies = (
			);
			name = CSVReader;
			productName = CSVReader;
			productReference = 2142E0C82802B6DD00C9E9AB /* CSVReader.app */;
			productType = "com.apple.product-type.application";
		};
		2142E0D72802B6DE00C9E9AB /* CSVReaderTests */ = {
			isa = PBXNativeTarget;
			buildConfigurationList = 2142E0EF2802B6DE00C9E9AB /* Build configuration list for PBXNativeTarget "CSVReaderTests" */;
			buildPhases = (
				2142E0D42802B6DE00C9E9AB /* Sources */,
				2142E0D52802B6DE00C9E9AB /* Frameworks */,
				2142E0D62802B6DE00C9E9AB /* Resources */,
			);
			buildRules = (
			);
			dependencies = (
				2142E0DA2802B6DE00C9E9AB /* PBXTargetDependency */,
			);
			name = CSVReaderTests;
			productName = CSVReaderTests;
			productReference = 2142E0D82802B6DE00C9E9AB /* CSVReaderTests.xctest */;
			productType = "com.apple.product-type.bundle.unit-test";
		};
		2142E0E12802B6DE00C9E9AB /* CSVReaderUITests */ = {
			isa = PBXNativeTarget;
			buildConfigurationList = 2142E0F22802B6DE00C9E9AB /* Build configuration list for PBXNativeTarget "CSVReaderUITests" */;
			buildPhases = (
				2142E0DE2802B6DE00C9E9AB /* Sources */,
				2142E0DF2802B6DE00C9E9AB /* Frameworks */,
				2142E0E02802B6DE00C9E9AB /* Resources */,
			);
			buildRules = (
			);
			dependencies = (
				2142E0E42802B6DE00C9E9AB /* PBXTargetDependency */,
			);
			name = CSVReaderUITests;
			productName = CSVReaderUITests;
			productReference = 2142E0E22802B6DE00C9E9AB /* CSVReaderUITests.xctest */;
			productType = "com.apple.product-type.bundle.ui-testing";
		};
/* End PBXNativeTarget section */

/* Begin PBXProject section */
		2142E0C02802B6DC00C9E9AB /* Project object */ = {
			isa = PBXProject;
			attributes = {
				BuildIndependentTargetsInParallel = 1;
				LastSwiftUpdateCheck = 1330;
				LastUpgradeCheck = 1330;
				TargetAttributes = {
					2142E0C72802B6DD00C9E9AB = {
						CreatedOnToolsVersion = 13.3;
					};
					2142E0D72802B6DE00C9E9AB = {
						CreatedOnToolsVersion = 13.3;
						TestTargetID = 2142E0C72802B6DD00C9E9AB;
					};
					2142E0E12802B6DE00C9E9AB = {
						CreatedOnToolsVersion = 13.3;
						TestTargetID = 2142E0C72802B6DD00C9E9AB;
					};
				};
			};
			buildConfigurationList = 2142E0C32802B6DC00C9E9AB /* Build configuration list for PBXProject "CSVReader" */;
			compatibilityVersion = "Xcode 13.0";
			developmentRegion = en;
			hasScannedForEncodings = 0;
			knownRegions = (
				en,
				Base,
			);
			mainGroup = 2142E0BF2802B6DC00C9E9AB;
			productRefGroup = 2142E0C92802B6DD00C9E9AB /* Products */;
			projectDirPath = "";
			projectRoot = "";
			targets = (
				2142E0C72802B6DD00C9E9AB /* CSVReader */,
				2142E0D72802B6DE00C9E9AB /* CSVReaderTests */,
				2142E0E12802B6DE00C9E9AB /* CSVReaderUITests */,
			);
		};
/* End PBXProject section */

/* Begin PBXResourcesBuildPhase section */
		2142E0C62802B6DD00C9E9AB /* Resources */ = {
			isa = PBXResourcesBuildPhase;
			buildActionMask = 2147483647;
			files = (
				2142E0F62802B7B400C9E9AB /* persons.csv in Resources */,
				2142E0D32802B6DD00C9E9AB /* Preview Assets.xcassets in Resources */,
				2142E0D02802B6DD00C9E9AB /* Assets.xcassets in Resources */,
			);
			runOnlyForDeploymentPostprocessing = 0;
		};
		2142E0D62802B6DE00C9E9AB /* Resources */ = {
			isa = PBXResourcesBuildPhase;
			buildActionMask = 2147483647;
			files = (
				2142E101280451E400C9E9AB /* persons.csv in Resources */,
			);
			runOnlyForDeploymentPostprocessing = 0;
		};
		2142E0E02802B6DE00C9E9AB /* Resources */ = {
			isa = PBXResourcesBuildPhase;
			buildActionMask = 2147483647;
			files = (
			);
			runOnlyForDeploymentPostprocessing = 0;
		};
/* End PBXResourcesBuildPhase section */

/* Begin PBXSourcesBuildPhase section */
		2142E0C42802B6DD00C9E9AB /* Sources */ = {
			isa = PBXSourcesBuildPhase;
			buildActionMask = 2147483647;
			files = (
				2142E0FA280434F000C9E9AB /* FileReader.swift in Sources */,
				2142E0FC2804395500C9E9AB /* MapCSVToData.swift in Sources */,
				2142E0CE2802B6DD00C9E9AB /* CSVView.swift in Sources */,
				2142E1032805631200C9E9AB /* CSVDataSource.swift in Sources */,
				2142E0CC2802B6DD00C9E9AB /* CSVReaderApp.swift in Sources */,
			);
			runOnlyForDeploymentPostprocessing = 0;
		};
		2142E0D42802B6DE00C9E9AB /* Sources */ = {
			isa = PBXSourcesBuildPhase;
			buildActionMask = 2147483647;
			files = (
				2142E0DD2802B6DE00C9E9AB /* CSVReaderTests.swift in Sources */,
			);
			runOnlyForDeploymentPostprocessing = 0;
		};
		2142E0DE2802B6DE00C9E9AB /* Sources */ = {
			isa = PBXSourcesBuildPhase;
			buildActionMask = 2147483647;
			files = (
				2142E0E92802B6DE00C9E9AB /* CSVReaderUITestsLaunchTests.swift in Sources */,
				2142E0E72802B6DE00C9E9AB /* CSVReaderUITests.swift in Sources */,
			);
			runOnlyForDeploymentPostprocessing = 0;
		};
/* End PBXSourcesBuildPhase section */

/* Begin PBXTargetDependency section */
		2142E0DA2802B6DE00C9E9AB /* PBXTargetDependency */ = {
			isa = PBXTargetDependency;
			target = 2142E0C72802B6DD00C9E9AB /* CSVReader */;
			targetProxy = 2142E0D92802B6DE00C9E9AB /* PBXContainerItemProxy */;
		};
		2142E0E42802B6DE00C9E9AB /* PBXTargetDependency */ = {
			isa = PBXTargetDependency;
			target = 2142E0C72802B6DD00C9E9AB /* CSVReader */;
			targetProxy = 2142E0E32802B6DE00C9E9AB /* PBXContainerItemProxy */;
		};
/* End PBXTargetDependency section */

/* Begin XCBuildConfiguration section */
		2142E0EA2802B6DE00C9E9AB /* Debug */ = {
			isa = XCBuildConfiguration;
			buildSettings = {
				ALWAYS_SEARCH_USER_PATHS = NO;
				CLANG_ANALYZER_NONNULL = YES;
				CLANG_ANALYZER_NUMBER_OBJECT_CONVERSION = YES_AGGRESSIVE;
				CLANG_CXX_LANGUAGE_STANDARD = "gnu++17";
				CLANG_ENABLE_MODULES = YES;
				CLANG_ENABLE_OBJC_ARC = YES;
				CLANG_ENABLE_OBJC_WEAK = YES;
				CLANG_WARN_BLOCK_CAPTURE_AUTORELEASING = YES;
				CLANG_WARN_BOOL_CONVERSION = YES;
				CLANG_WARN_COMMA = YES;
				CLANG_WARN_CONSTANT_CONVERSION = YES;
				CLANG_WARN_DEPRECATED_OBJC_IMPLEMENTATIONS = YES;
				CLANG_WARN_DIRECT_OBJC_ISA_USAGE = YES_ERROR;
				CLANG_WARN_DOCUMENTATION_COMMENTS = YES;
				CLANG_WARN_EMPTY_BODY = YES;
				CLANG_WARN_ENUM_CONVERSION = YES;
				CLANG_WARN_INFINITE_RECURSION = YES;
				CLANG_WARN_INT_CONVERSION = YES;
				CLANG_WARN_NON_LITERAL_NULL_CONVERSION = YES;
				CLANG_WARN_OBJC_IMPLICIT_RETAIN_SELF = YES;
				CLANG_WARN_OBJC_LITERAL_CONVERSION = YES;
				CLANG_WARN_OBJC_ROOT_CLASS = YES_ERROR;
				CLANG_WARN_QUOTED_INCLUDE_IN_FRAMEWORK_HEADER = YES;
				CLANG_WARN_RANGE_LOOP_ANALYSIS = YES;
				CLANG_WARN_STRICT_PROTOTYPES = YES;
				CLANG_WARN_SUSPICIOUS_MOVE = YES;
				CLANG_WARN_UNGUARDED_AVAILABILITY = YES_AGGRESSIVE;
				CLANG_WARN_UNREACHABLE_CODE = YES;
				CLANG_WARN__DUPLICATE_METHOD_MATCH = YES;
				COPY_PHASE_STRIP = NO;
				DEBUG_INFORMATION_FORMAT = dwarf;
				ENABLE_STRICT_OBJC_MSGSEND = YES;
				ENABLE_TESTABILITY = YES;
				GCC_C_LANGUAGE_STANDARD = gnu11;
				GCC_DYNAMIC_NO_PIC = NO;
				GCC_NO_COMMON_BLOCKS = YES;
				GCC_OPTIMIZATION_LEVEL = 0;
				GCC_PREPROCESSOR_DEFINITIONS = (
					"DEBUG=1",
					"$(inherited)",
				);
				GCC_WARN_64_TO_32_BIT_CONVERSION = YES;
				GCC_WARN_ABOUT_RETURN_TYPE = YES_ERROR;
				GCC_WARN_UNDECLARED_SELECTOR = YES;
				GCC_WARN_UNINITIALIZED_AUTOS = YES_AGGRESSIVE;
				GCC_WARN_UNUSED_FUNCTION = YES;
				GCC_WARN_UNUSED_VARIABLE = YES;
				IPHONEOS_DEPLOYMENT_TARGET = 15.4;
				MTL_ENABLE_DEBUG_INFO = INCLUDE_SOURCE;
				MTL_FAST_MATH = YES;
				ONLY_ACTIVE_ARCH = YES;
				SDKROOT = iphoneos;
				SWIFT_ACTIVE_COMPILATION_CONDITIONS = DEBUG;
				SWIFT_OPTIMIZATION_LEVEL = "-Onone";
			};
			name = Debug;
		};
		2142E0EB2802B6DE00C9E9AB /* Release */ = {
			isa = XCBuildConfiguration;
			buildSettings = {
				ALWAYS_SEARCH_USER_PATHS = NO;
				CLANG_ANALYZER_NONNULL = YES;
				CLANG_ANALYZER_NUMBER_OBJECT_CONVERSION = YES_AGGRESSIVE;
				CLANG_CXX_LANGUAGE_STANDARD = "gnu++17";
				CLANG_ENABLE_MODULES = YES;
				CLANG_ENABLE_OBJC_ARC = YES;
				CLANG_ENABLE_OBJC_WEAK = YES;
				CLANG_WARN_BLOCK_CAPTURE_AUTORELEASING = YES;
				CLANG_WARN_BOOL_CONVERSION = YES;
				CLANG_WARN_COMMA = YES;
				CLANG_WARN_CONSTANT_CONVERSION = YES;
				CLANG_WARN_DEPRECATED_OBJC_IMPLEMENTATIONS = YES;
				CLANG_WARN_DIRECT_OBJC_ISA_USAGE = YES_ERROR;
				CLANG_WARN_DOCUMENTATION_COMMENTS = YES;
				CLANG_WARN_EMPTY_BODY = YES;
				CLANG_WARN_ENUM_CONVERSION = YES;
				CLANG_WARN_INFINITE_RECURSION = YES;
				CLANG_WARN_INT_CONVERSION = YES;
				CLANG_WARN_NON_LITERAL_NULL_CONVERSION = YES;
				CLANG_WARN_OBJC_IMPLICIT_RETAIN_SELF = YES;
				CLANG_WARN_OBJC_LITERAL_CONVERSION = YES;
				CLANG_WARN_OBJC_ROOT_CLASS = YES_ERROR;
				CLANG_WARN_QUOTED_INCLUDE_IN_FRAMEWORK_HEADER = YES;
				CLANG_WARN_RANGE_LOOP_ANALYSIS = YES;
				CLANG_WARN_STRICT_PROTOTYPES = YES;
				CLANG_WARN_SUSPICIOUS_MOVE = YES;
				CLANG_WARN_UNGUARDED_AVAILABILITY = YES_AGGRESSIVE;
				CLANG_WARN_UNREACHABLE_CODE = YES;
				CLANG_WARN__DUPLICATE_METHOD_MATCH = YES;
				COPY_PHASE_STRIP = NO;
				DEBUG_INFORMATION_FORMAT = "dwarf-with-dsym";
				ENABLE_NS_ASSERTIONS = NO;
				ENABLE_STRICT_OBJC_MSGSEND = YES;
				GCC_C_LANGUAGE_STANDARD = gnu11;
				GCC_NO_COMMON_BLOCKS = YES;
				GCC_WARN_64_TO_32_BIT_CONVERSION = YES;
				GCC_WARN_ABOUT_RETURN_TYPE = YES_ERROR;
				GCC_WARN_UNDECLARED_SELECTOR = YES;
				GCC_WARN_UNINITIALIZED_AUTOS = YES_AGGRESSIVE;
				GCC_WARN_UNUSED_FUNCTION = YES;
				GCC_WARN_UNUSED_VARIABLE = YES;
				IPHONEOS_DEPLOYMENT_TARGET = 15.4;
				MTL_ENABLE_DEBUG_INFO = NO;
				MTL_FAST_MATH = YES;
				SDKROOT = iphoneos;
				SWIFT_COMPILATION_MODE = wholemodule;
				SWIFT_OPTIMIZATION_LEVEL = "-O";
				VALIDATE_PRODUCT = YES;
			};
			name = Release;
		};
		2142E0ED2802B6DE00C9E9AB /* Debug */ = {
			isa = XCBuildConfiguration;
			buildSettings = {
				ASSETCATALOG_COMPILER_APPICON_NAME = AppIcon;
				ASSETCATALOG_COMPILER_GLOBAL_ACCENT_COLOR_NAME = AccentColor;
				CODE_SIGN_STYLE = Automatic;
				CURRENT_PROJECT_VERSION = 1;
				DEVELOPMENT_ASSET_PATHS = "\"CSVReader/Preview Content\"";
				ENABLE_PREVIEWS = YES;
				GENERATE_INFOPLIST_FILE = YES;
				INFOPLIST_KEY_UIApplicationSceneManifest_Generation = YES;
				INFOPLIST_KEY_UIApplicationSupportsIndirectInputEvents = YES;
				INFOPLIST_KEY_UILaunchScreen_Generation = YES;
				INFOPLIST_KEY_UISupportedInterfaceOrientations = "UIInterfaceOrientationLandscapeLeft UIInterfaceOrientationLandscapeRight";
				INFOPLIST_KEY_UISupportedInterfaceOrientations_iPad = "UIInterfaceOrientationPortrait UIInterfaceOrientationPortraitUpsideDown UIInterfaceOrientationLandscapeLeft UIInterfaceOrientationLandscapeRight";
				INFOPLIST_KEY_UISupportedInterfaceOrientations_iPhone = "UIInterfaceOrientationPortrait UIInterfaceOrientationLandscapeLeft UIInterfaceOrientationLandscapeRight";
				LD_RUNPATH_SEARCH_PATHS = (
					"$(inherited)",
					"@executable_path/Frameworks",
				);
				MARKETING_VERSION = 1.0;
				PRODUCT_BUNDLE_IDENTIFIER = com.Leo.CSVReader;
				PRODUCT_NAME = "$(TARGET_NAME)";
				SWIFT_EMIT_LOC_STRINGS = YES;
				SWIFT_VERSION = 5.0;
				TARGETED_DEVICE_FAMILY = "1,2";
			};
			name = Debug;
		};
		2142E0EE2802B6DE00C9E9AB /* Release */ = {
			isa = XCBuildConfiguration;
			buildSettings = {
				ASSETCATALOG_COMPILER_APPICON_NAME = AppIcon;
				ASSETCATALOG_COMPILER_GLOBAL_ACCENT_COLOR_NAME = AccentColor;
				CODE_SIGN_STYLE = Automatic;
				CURRENT_PROJECT_VERSION = 1;
				DEVELOPMENT_ASSET_PATHS = "\"CSVReader/Preview Content\"";
				ENABLE_PREVIEWS = YES;
				GENERATE_INFOPLIST_FILE = YES;
				INFOPLIST_KEY_UIApplicationSceneManifest_Generation = YES;
				INFOPLIST_KEY_UIApplicationSupportsIndirectInputEvents = YES;
				INFOPLIST_KEY_UILaunchScreen_Generation = YES;
				INFOPLIST_KEY_UISupportedInterfaceOrientations = "UIInterfaceOrientationLandscapeLeft UIInterfaceOrientationLandscapeRight";
				INFOPLIST_KEY_UISupportedInterfaceOrientations_iPad = "UIInterfaceOrientationPortrait UIInterfaceOrientationPortraitUpsideDown UIInterfaceOrientationLandscapeLeft UIInterfaceOrientationLandscapeRight";
				INFOPLIST_KEY_UISupportedInterfaceOrientations_iPhone = "UIInterfaceOrientationPortrait UIInterfaceOrientationLandscapeLeft UIInterfaceOrientationLandscapeRight";
				LD_RUNPATH_SEARCH_PATHS = (
					"$(inherited)",
					"@executable_path/Frameworks",
				);
				MARKETING_VERSION = 1.0;
				PRODUCT_BUNDLE_IDENTIFIER = com.Leo.CSVReader;
				PRODUCT_NAME = "$(TARGET_NAME)";
				SWIFT_EMIT_LOC_STRINGS = YES;
				SWIFT_VERSION = 5.0;
				TARGETED_DEVICE_FAMILY = "1,2";
			};
			name = Release;
		};
		2142E0F02802B6DE00C9E9AB /* Debug */ = {
			isa = XCBuildConfiguration;
			buildSettings = {
				ALWAYS_EMBED_SWIFT_STANDARD_LIBRARIES = YES;
				BUNDLE_LOADER = "$(TEST_HOST)";
				CODE_SIGN_STYLE = Automatic;
				CURRENT_PROJECT_VERSION = 1;
				GENERATE_INFOPLIST_FILE = YES;
				IPHONEOS_DEPLOYMENT_TARGET = 15.4;
				MARKETING_VERSION = 1.0;
				PRODUCT_BUNDLE_IDENTIFIER = com.Leo.CSVReaderTests;
				PRODUCT_NAME = "$(TARGET_NAME)";
				SWIFT_EMIT_LOC_STRINGS = NO;
				SWIFT_VERSION = 5.0;
				TARGETED_DEVICE_FAMILY = "1,2";
				TEST_HOST = "$(BUILT_PRODUCTS_DIR)/CSVReader.app/CSVReader";
			};
			name = Debug;
		};
		2142E0F12802B6DE00C9E9AB /* Release */ = {
			isa = XCBuildConfiguration;
			buildSettings = {
				ALWAYS_EMBED_SWIFT_STANDARD_LIBRARIES = YES;
				BUNDLE_LOADER = "$(TEST_HOST)";
				CODE_SIGN_STYLE = Automatic;
				CURRENT_PROJECT_VERSION = 1;
				GENERATE_INFOPLIST_FILE = YES;
				IPHONEOS_DEPLOYMENT_TARGET = 15.4;
				MARKETING_VERSION = 1.0;
				PRODUCT_BUNDLE_IDENTIFIER = com.Leo.CSVReaderTests;
				PRODUCT_NAME = "$(TARGET_NAME)";
				SWIFT_EMIT_LOC_STRINGS = NO;
				SWIFT_VERSION = 5.0;
				TARGETED_DEVICE_FAMILY = "1,2";
				TEST_HOST = "$(BUILT_PRODUCTS_DIR)/CSVReader.app/CSVReader";
			};
			name = Release;
		};
		2142E0F32802B6DE00C9E9AB /* Debug */ = {
			isa = XCBuildConfiguration;
			buildSettings = {
				ALWAYS_EMBED_SWIFT_STANDARD_LIBRARIES = YES;
				CODE_SIGN_STYLE = Automatic;
				CURRENT_PROJECT_VERSION = 1;
				GENERATE_INFOPLIST_FILE = YES;
				MARKETING_VERSION = 1.0;
				PRODUCT_BUNDLE_IDENTIFIER = com.Leo.CSVReaderUITests;
				PRODUCT_NAME = "$(TARGET_NAME)";
				SWIFT_EMIT_LOC_STRINGS = NO;
				SWIFT_VERSION = 5.0;
				TARGETED_DEVICE_FAMILY = "1,2";
				TEST_TARGET_NAME = CSVReader;
			};
			name = Debug;
		};
		2142E0F42802B6DE00C9E9AB /* Release */ = {
			isa = XCBuildConfiguration;
			buildSettings = {
				ALWAYS_EMBED_SWIFT_STANDARD_LIBRARIES = YES;
				CODE_SIGN_STYLE = Automatic;
				CURRENT_PROJECT_VERSION = 1;
				GENERATE_INFOPLIST_FILE = YES;
				MARKETING_VERSION = 1.0;
				PRODUCT_BUNDLE_IDENTIFIER = com.Leo.CSVReaderUITests;
				PRODUCT_NAME = "$(TARGET_NAME)";
				SWIFT_EMIT_LOC_STRINGS = NO;
				SWIFT_VERSION = 5.0;
				TARGETED_DEVICE_FAMILY = "1,2";
				TEST_TARGET_NAME = CSVReader;
			};
			name = Release;
		};
/* End XCBuildConfiguration section */

/* Begin XCConfigurationList section */
		2142E0C32802B6DC00C9E9AB /* Build configuration list for PBXProject "CSVReader" */ = {
			isa = XCConfigurationList;
			buildConfigurations = (
				2142E0EA2802B6DE00C9E9AB /* Debug */,
				2142E0EB2802B6DE00C9E9AB /* Release */,
			);
			defaultConfigurationIsVisible = 0;
			defaultConfigurationName = Release;
		};
		2142E0EC2802B6DE00C9E9AB /* Build configuration list for PBXNativeTarget "CSVReader" */ = {
			isa = XCConfigurationList;
			buildConfigurations = (
				2142E0ED2802B6DE00C9E9AB /* Debug */,
				2142E0EE2802B6DE00C9E9AB /* Release */,
			);
			defaultConfigurationIsVisible = 0;
			defaultConfigurationName = Release;
		};
		2142E0EF2802B6DE00C9E9AB /* Build configuration list for PBXNativeTarget "CSVReaderTests" */ = {
			isa = XCConfigurationList;
			buildConfigurations = (
				2142E0F02802B6DE00C9E9AB /* Debug */,
				2142E0F12802B6DE00C9E9AB /* Release */,
			);
			defaultConfigurationIsVisible = 0;
			defaultConfigurationName = Release;
		};
		2142E0F22802B6DE00C9E9AB /* Build configuration list for PBXNativeTarget "CSVReaderUITests" */ = {
			isa = XCConfigurationList;
			buildConfigurations = (
				2142E0F32802B6DE00C9E9AB /* Debug */,
				2142E0F42802B6DE00C9E9AB /* Release */,
			);
			defaultConfigurationIsVisible = 0;
			defaultConfigurationName = Release;
		};
/* End XCConfigurationList section */
	};
	rootObject = 2142E0C02802B6DC00C9E9AB /* Project object */;
}
